
Microsoft Visual Studio Solution File, Format Version 12.00
# Visual Studio Version 16
VisualStudioVersion = 16.0.31019.35
MinimumVisualStudioVersion = 10.0.40219.1
Project("{FAE04EC0-301F-11D3-BF4B-00C04F79EFBC}") = "SpiritGuardianCore", "SpiritGuardianCore\SpiritGuardianCore.csproj", "{061A6D9D-ED0E-4CBC-9ADF-014D1BD7CC44}"
EndProject
Global
	GlobalSection(SolutionConfigurationPlatforms) = preSolution
		Debug|Any CPU = Debug|Any CPU
		Release|Any CPU = Release|Any CPU
	EndGlobalSection
	GlobalSection(ProjectConfigurationPlatforms) = postSolution
		{061A6D9D-ED0E-4CBC-9ADF-014D1BD7CC44}.Debug|Any CPU.ActiveCfg = Debug|Any CPU
		{061A6D9D-ED0E-4CBC-9ADF-014D1BD7CC44}.Debug|Any CPU.Build.0 = Debug|Any CPU
		{061A6D9D-ED0E-4CBC-9ADF-014D1BD7CC44}.Release|Any CPU.ActiveCfg = Release|Any CPU
		{061A6D9D-ED0E-4CBC-9ADF-014D1BD7CC44}.Release|Any CPU.Build.0 = Release|Any CPU
	EndGlobalSection
	GlobalSection(SolutionProperties) = preSolution
		HideSolutionNode = FALSE
	EndGlobalSection
	GlobalSection(ExtensibilityGlobals) = postSolution
		SolutionGuid = {1B14977D-BEBF-4E6D-B0E2-999B77FD6766}
	EndGlobalSection
EndGlobal
